
Microsoft Visual Studio Solution File, Format Version 12.00
# Visual Studio Version 16
VisualStudioVersion = 16.0.30406.217
MinimumVisualStudioVersion = 10.0.40219.1
Project("{9A19103F-16F7-4668-BE54-9A1E7A4F7556}") = "LOGIC", "LOGIC\LOGIC.csproj", "{C26D68F8-3E18-40A9-93C8-A3B9D456C333}"
EndProject
Project("{9A19103F-16F7-4668-BE54-9A1E7A4F7556}") = "DALNEW", "DALNEW\DALNEW.csproj", "{85617A4A-B812-44C2-B5B4-DE4B77EC994F}"
EndProject
Project("{9A19103F-16F7-4668-BE54-9A1E7A4F7556}") = "Entities", "Entities\Entities.csproj", "{E612336B-28D3-49C0-B4D8-2573B0C06FD6}"
EndProject
Project("{9A19103F-16F7-4668-BE54-9A1E7A4F7556}") = "ConsoleApp1", "ConsoleApp1\ConsoleApp1.csproj", "{8297F6B9-E6FD-4706-BC5D-ED40094FF082}"
EndProject
Project("{9A19103F-16F7-4668-BE54-9A1E7A4F7556}") = "WebApplication1", "WebApplication1\WebApplication1.csproj", "{BB704C85-5464-4914-97C9-17AD515E2A8A}"
EndProject
Project("{FAE04EC0-301F-11D3-BF4B-00C04F79EFBC}") = "WcfService1", "WcfService1\WcfService1.csproj", "{1D902D60-EDC4-4210-9C04-2324389CA82E}"
EndProject
Global
	GlobalSection(SolutionConfigurationPlatforms) = preSolution
		Debug|Any CPU = Debug|Any CPU
		Release|Any CPU = Release|Any CPU
	EndGlobalSection
	GlobalSection(ProjectConfigurationPlatforms) = postSolution
		{C26D68F8-3E18-40A9-93C8-A3B9D456C333}.Debug|Any CPU.ActiveCfg = Debug|Any CPU
		{C26D68F8-3E18-40A9-93C8-A3B9D456C333}.Debug|Any CPU.Build.0 = Debug|Any CPU
		{C26D68F8-3E18-40A9-93C8-A3B9D456C333}.Release|Any CPU.ActiveCfg = Release|Any CPU
		{C26D68F8-3E18-40A9-93C8-A3B9D456C333}.Release|Any CPU.Build.0 = Release|Any CPU
		{85617A4A-B812-44C2-B5B4-DE4B77EC994F}.Debug|Any CPU.ActiveCfg = Debug|Any CPU
		{85617A4A-B812-44C2-B5B4-DE4B77EC994F}.Debug|Any CPU.Build.0 = Debug|Any CPU
		{85617A4A-B812-44C2-B5B4-DE4B77EC994F}.Release|Any CPU.ActiveCfg = Release|Any CPU
		{85617A4A-B812-44C2-B5B4-DE4B77EC994F}.Release|Any CPU.Build.0 = Release|Any CPU
		{E612336B-28D3-49C0-B4D8-2573B0C06FD6}.Debug|Any CPU.ActiveCfg = Debug|Any CPU
		{E612336B-28D3-49C0-B4D8-2573B0C06FD6}.Debug|Any CPU.Build.0 = Debug|Any CPU
		{E612336B-28D3-49C0-B4D8-2573B0C06FD6}.Release|Any CPU.ActiveCfg = Release|Any CPU
		{E612336B-28D3-49C0-B4D8-2573B0C06FD6}.Release|Any CPU.Build.0 = Release|Any CPU
		{8297F6B9-E6FD-4706-BC5D-ED40094FF082}.Debug|Any CPU.ActiveCfg = Debug|Any CPU
		{8297F6B9-E6FD-4706-BC5D-ED40094FF082}.Debug|Any CPU.Build.0 = Debug|Any CPU
		{8297F6B9-E6FD-4706-BC5D-ED40094FF082}.Release|Any CPU.ActiveCfg = Release|Any CPU
		{8297F6B9-E6FD-4706-BC5D-ED40094FF082}.Release|Any CPU.Build.0 = Release|Any CPU
		{BB704C85-5464-4914-97C9-17AD515E2A8A}.Debug|Any CPU.ActiveCfg = Debug|Any CPU
		{BB704C85-5464-4914-97C9-17AD515E2A8A}.Debug|Any CPU.Build.0 = Debug|Any CPU
		{BB704C85-5464-4914-97C9-17AD515E2A8A}.Release|Any CPU.ActiveCfg = Release|Any CPU
		{BB704C85-5464-4914-97C9-17AD515E2A8A}.Release|Any CPU.Build.0 = Release|Any CPU
		{1D902D60-EDC4-4210-9C04-2324389CA82E}.Debug|Any CPU.ActiveCfg = Debug|Any CPU
		{1D902D60-EDC4-4210-9C04-2324389CA82E}.Debug|Any CPU.Build.0 = Debug|Any CPU
		{1D902D60-EDC4-4210-9C04-2324389CA82E}.Release|Any CPU.ActiveCfg = Release|Any CPU
		{1D902D60-EDC4-4210-9C04-2324389CA82E}.Release|Any CPU.Build.0 = Release|Any CPU
	EndGlobalSection
	GlobalSection(SolutionProperties) = preSolution
		HideSolutionNode = FALSE
	EndGlobalSection
	GlobalSection(ExtensibilityGlobals) = postSolution
		SolutionGuid = {D08C2B73-FF57-46AF-A461-71A0DC8D99F4}
	EndGlobalSection
EndGlobal
